
Microsoft Visual Studio Solution File, Format Version 12.00
# Visual Studio Version 17
VisualStudioVersion = 17.2.32630.192
MinimumVisualStudioVersion = 10.0.40219.1
Project("{FAE04EC0-301F-11D3-BF4B-00C04F79EFBC}") = "3dim by 3dimen", "3dim by 3dimen\3dim by 3dimen.csproj", "{434422E0-98A1-474D-91CA-51B517695883}"
EndProject
Global
	GlobalSection(SolutionConfigurationPlatforms) = preSolution
		Debug|Any CPU = Debug|Any CPU
		Release|Any CPU = Release|Any CPU
	EndGlobalSection
	GlobalSection(ProjectConfigurationPlatforms) = postSolution
		{434422E0-98A1-474D-91CA-51B517695883}.Debug|Any CPU.ActiveCfg = Debug|Any CPU
		{434422E0-98A1-474D-91CA-51B517695883}.Debug|Any CPU.Build.0 = Debug|Any CPU
		{434422E0-98A1-474D-91CA-51B517695883}.Release|Any CPU.ActiveCfg = Release|Any CPU
		{434422E0-98A1-474D-91CA-51B517695883}.Release|Any CPU.Build.0 = Release|Any CPU
	EndGlobalSection
	GlobalSection(SolutionProperties) = preSolution
		HideSolutionNode = FALSE
	EndGlobalSection
	GlobalSection(ExtensibilityGlobals) = postSolution
		SolutionGuid = {6B22C1F7-AA1C-4413-90A4-8FF876533D5D}
	EndGlobalSection
EndGlobal
